
Microsoft Visual Studio Solution File, Format Version 12.00
# Visual Studio Version 18
VisualStudioVersion = 18.0.11005.162
MinimumVisualStudioVersion = 10.0.40219.1
Project("{2150E333-8FDC-42A3-9474-1A3956D46DE8}") = "Solution Items", "Solution Items", "{2476877E-F188-4D2B-9B1B-F8BDF762F076}"
	ProjectSection(SolutionItems) = preProject
		..\.github\dependabot.yml = ..\.github\dependabot.yml
		..\content\en-US.json = ..\content\en-US.json
		..\content\gameData.json = ..\content\gameData.json
		..\GitVersion.yml = ..\GitVersion.yml
		..\content\output.json = ..\content\output.json
		..\README.md = ..\README.md
		..\.github\workflows\workflow.yml = ..\.github\workflows\workflow.yml
	EndProjectSection
EndProject
Project("{9A19103F-16F7-4668-BE54-9A1E7A4F7556}") = "SatisfactoryTree", "SatisfactoryTree\SatisfactoryTree.csproj", "{DE28C709-2663-4521-AEEE-094D1BF478B4}"
EndProject
Project("{9A19103F-16F7-4668-BE54-9A1E7A4F7556}") = "SatisfactoryTree.Tests", "SatisfactoryTree.Tests\SatisfactoryTree.Tests.csproj", "{58B24603-0A48-4125-876C-2FE691118494}"
EndProject
Project("{9A19103F-16F7-4668-BE54-9A1E7A4F7556}") = "SatisfactoryTree.ContentExtractor", "SatisfactoryTree.ContentExtractor\SatisfactoryTree.ContentExtractor.csproj", "{F57832D1-14D2-460C-99A8-3F3E80F32527}"
EndProject
Project("{FAE04EC0-301F-11D3-BF4B-00C04F79EFBC}") = "SatisfactoryTree.Console", "SatisfactoryTree.Console\SatisfactoryTree.Console.csproj", "{8BA214EA-DFC4-4986-A8FA-862B734603D3}"
EndProject
Project("{FAE04EC0-301F-11D3-BF4B-00C04F79EFBC}") = "SatisfactoryTree.WinForm", "SatisfactoryTree.WinForm\SatisfactoryTree.WinForm.csproj", "{E67891BB-79DA-4CBA-B3C1-401AF755AB4C}"
EndProject
Project("{FAE04EC0-301F-11D3-BF4B-00C04F79EFBC}") = "SatisfactoryTree.Logic", "SatisfactoryTree.Logic\SatisfactoryTree.Logic.csproj", "{0C4EC08E-3F49-4FD1-A04E-35ADDE2A4DAD}"
EndProject
Project("{FAE04EC0-301F-11D3-BF4B-00C04F79EFBC}") = "SatisfactoryTree.Logic.Tests", "SatisfactoryTree.Logic.Tests\SatisfactoryTree.Logic.Tests.csproj", "{DCAFB1D3-347D-4D67-A558-CA46D1CF4A8B}"
EndProject
Project("{FAE04EC0-301F-11D3-BF4B-00C04F79EFBC}") = "SatisfactoryTree.Web", "SatisfactoryTree.Web\SatisfactoryTree.Web.csproj", "{34A7D59E-38E4-44CE-827F-3FE39474742D}"
EndProject
Global
	GlobalSection(SolutionConfigurationPlatforms) = preSolution
		Debug|Any CPU = Debug|Any CPU
		Release|Any CPU = Release|Any CPU
	EndGlobalSection
	GlobalSection(ProjectConfigurationPlatforms) = postSolution
		{DE28C709-2663-4521-AEEE-094D1BF478B4}.Debug|Any CPU.ActiveCfg = Debug|Any CPU
		{DE28C709-2663-4521-AEEE-094D1BF478B4}.Debug|Any CPU.Build.0 = Debug|Any CPU
		{DE28C709-2663-4521-AEEE-094D1BF478B4}.Release|Any CPU.ActiveCfg = Release|Any CPU
		{DE28C709-2663-4521-AEEE-094D1BF478B4}.Release|Any CPU.Build.0 = Release|Any CPU
		{58B24603-0A48-4125-876C-2FE691118494}.Debug|Any CPU.ActiveCfg = Debug|Any CPU
		{58B24603-0A48-4125-876C-2FE691118494}.Debug|Any CPU.Build.0 = Debug|Any CPU
		{58B24603-0A48-4125-876C-2FE691118494}.Release|Any CPU.ActiveCfg = Release|Any CPU
		{58B24603-0A48-4125-876C-2FE691118494}.Release|Any CPU.Build.0 = Release|Any CPU
		{F57832D1-14D2-460C-99A8-3F3E80F32527}.Debug|Any CPU.ActiveCfg = Debug|Any CPU
		{F57832D1-14D2-460C-99A8-3F3E80F32527}.Debug|Any CPU.Build.0 = Debug|Any CPU
		{F57832D1-14D2-460C-99A8-3F3E80F32527}.Release|Any CPU.ActiveCfg = Release|Any CPU
		{F57832D1-14D2-460C-99A8-3F3E80F32527}.Release|Any CPU.Build.0 = Release|Any CPU
		{8BA214EA-DFC4-4986-A8FA-862B734603D3}.Debug|Any CPU.ActiveCfg = Debug|Any CPU
		{8BA214EA-DFC4-4986-A8FA-862B734603D3}.Debug|Any CPU.Build.0 = Debug|Any CPU
		{8BA214EA-DFC4-4986-A8FA-862B734603D3}.Release|Any CPU.ActiveCfg = Release|Any CPU
		{8BA214EA-DFC4-4986-A8FA-862B734603D3}.Release|Any CPU.Build.0 = Release|Any CPU
		{E67891BB-79DA-4CBA-B3C1-401AF755AB4C}.Debug|Any CPU.ActiveCfg = Debug|Any CPU
		{E67891BB-79DA-4CBA-B3C1-401AF755AB4C}.Debug|Any CPU.Build.0 = Debug|Any CPU
		{E67891BB-79DA-4CBA-B3C1-401AF755AB4C}.Release|Any CPU.ActiveCfg = Release|Any CPU
		{E67891BB-79DA-4CBA-B3C1-401AF755AB4C}.Release|Any CPU.Build.0 = Release|Any CPU
		{0C4EC08E-3F49-4FD1-A04E-35ADDE2A4DAD}.Debug|Any CPU.ActiveCfg = Debug|Any CPU
		{0C4EC08E-3F49-4FD1-A04E-35ADDE2A4DAD}.Debug|Any CPU.Build.0 = Debug|Any CPU
		{0C4EC08E-3F49-4FD1-A04E-35ADDE2A4DAD}.Release|Any CPU.ActiveCfg = Release|Any CPU
		{0C4EC08E-3F49-4FD1-A04E-35ADDE2A4DAD}.Release|Any CPU.Build.0 = Release|Any CPU
		{DCAFB1D3-347D-4D67-A558-CA46D1CF4A8B}.Debug|Any CPU.ActiveCfg = Debug|Any CPU
		{DCAFB1D3-347D-4D67-A558-CA46D1CF4A8B}.Debug|Any CPU.Build.0 = Debug|Any CPU
		{DCAFB1D3-347D-4D67-A558-CA46D1CF4A8B}.Release|Any CPU.ActiveCfg = Release|Any CPU
		{DCAFB1D3-347D-4D67-A558-CA46D1CF4A8B}.Release|Any CPU.Build.0 = Release|Any CPU
		{34A7D59E-38E4-44CE-827F-3FE39474742D}.Debug|Any CPU.ActiveCfg = Debug|Any CPU
		{34A7D59E-38E4-44CE-827F-3FE39474742D}.Debug|Any CPU.Build.0 = Debug|Any CPU
		{34A7D59E-38E4-44CE-827F-3FE39474742D}.Release|Any CPU.ActiveCfg = Release|Any CPU
		{34A7D59E-38E4-44CE-827F-3FE39474742D}.Release|Any CPU.Build.0 = Release|Any CPU
	EndGlobalSection
	GlobalSection(SolutionProperties) = preSolution
		HideSolutionNode = FALSE
	EndGlobalSection
	GlobalSection(ExtensibilityGlobals) = postSolution
		SolutionGuid = {7DC23688-986D-48C1-BED6-D8975778ABA4}
	EndGlobalSection
EndGlobal
